{
  "name": "vue2-ace-editor",
  "version": "0.0.15",
  "lockfileVersion": 1,
  "requires": true,
  "dependencies": {
    "brace": {
      "version": "github:josecanhelp/vue2-ace-editor#bf1d8b57322af71941caf7ac470456ee3d0f0a84",
      "from": "github:josecanhelp/vue2-ace-editor",
      "dependencies": {
        "brace": {
          "version": "0.11.1",
          "resolved": "https://registry.npmjs.org/brace/-/brace-0.11.1.tgz",
          "integrity": "sha1-SJb8ydVE7vRfS7dmDbMg07N5/lg="
        }
      }
    }
  }
}
